// !$*UTF8*$!
{
	archiveVersion = 1;
	classes = {
	};
	objectVersion = 50;
	objects = {

/* Begin PBXBuildFile section */
		619D5C1123F77D180049E615 /* AppDelegate.swift in Sources */ = {isa = PBXBuildFile; fileRef = 619D5C1023F77D180049E615 /* AppDelegate.swift */; };
		619D5C1323F77D180049E615 /* SceneDelegate.swift in Sources */ = {isa = PBXBuildFile; fileRef = 619D5C1223F77D180049E615 /* SceneDelegate.swift */; };
		619D5C1523F77D180049E615 /* ViewController.swift in Sources */ = {isa = PBXBuildFile; fileRef = 619D5C1423F77D180049E615 /* ViewController.swift */; };
		619D5C1823F77D180049E615 /* Main.storyboard in Resources */ = {isa = PBXBuildFile; fileRef = 619D5C1623F77D180049E615 /* Main.storyboard */; };
		619D5C1A23F77D1F0049E615 /* Assets.xcassets in Resources */ = {isa = PBXBuildFile; fileRef = 619D5C1923F77D1F0049E615 /* Assets.xcassets */; };
		619D5C1D23F77D1F0049E615 /* LaunchScreen.storyboard in Resources */ = {isa = PBXBuildFile; fileRef = 619D5C1B23F77D1F0049E615 /* LaunchScreen.storyboard */; };
		619D5C2523F786AF0049E615 /* MapViewController.swift in Sources */ = {isa = PBXBuildFile; fileRef = 619D5C2423F786AF0049E615 /* MapViewController.swift */; };
		619D5C2723F7D5CA0049E615 /* Place.swift in Sources */ = {isa = PBXBuildFile; fileRef = 619D5C2623F7D5CA0049E615 /* Place.swift */; };
		619D5C2923F7D6150049E615 /* PlaceMarkerView.swift in Sources */ = {isa = PBXBuildFile; fileRef = 619D5C2823F7D6150049E615 /* PlaceMarkerView.swift */; };
		619D5C2B23F7D6F70049E615 /* Data.plist in Resources */ = {isa = PBXBuildFile; fileRef = 619D5C2A23F7D6F70049E615 /* Data.plist */; };
		619D5C2F23F857AF0049E615 /* FavoritesViewController.swift in Sources */ = {isa = PBXBuildFile; fileRef = 619D5C2E23F857AF0049E615 /* FavoritesViewController.swift */; };
		619D5C3123F8D5B10049E615 /* DataManager.swift in Sources */ = {isa = PBXBuildFile; fileRef = 619D5C3023F8D5B10049E615 /* DataManager.swift */; };
/* End PBXBuildFile section */

/* Begin PBXFileReference section */
		619D5C0D23F77D180049E615 /* project_5.app */ = {isa = PBXFileReference; explicitFileType = wrapper.application; includeInIndex = 0; path = project_5.app; sourceTree = BUILT_PRODUCTS_DIR; };
		619D5C1023F77D180049E615 /* AppDelegate.swift */ = {isa = PBXFileReference; lastKnownFileType = sourcecode.swift; path = AppDelegate.swift; sourceTree = "<group>"; };
		619D5C1223F77D180049E615 /* SceneDelegate.swift */ = {isa = PBXFileReference; lastKnownFileType = sourcecode.swift; path = SceneDelegate.swift; sourceTree = "<group>"; };
		619D5C1423F77D180049E615 /* ViewController.swift */ = {isa = PBXFileReference; lastKnownFileType = sourcecode.swift; path = ViewController.swift; sourceTree = "<group>"; };
		619D5C1723F77D180049E615 /* Base */ = {isa = PBXFileReference; lastKnownFileType = file.storyboard; name = Base; path = Base.lproj/Main.storyboard; sourceTree = "<group>"; };
		619D5C1923F77D1F0049E615 /* Assets.xcassets */ = {isa = PBXFileReference; lastKnownFileType = folder.assetcatalog; path = Assets.xcassets; sourceTree = "<group>"; };
		619D5C1C23F77D1F0049E615 /* Base */ = {isa = PBXFileReference; lastKnownFileType = file.storyboard; name = Base; path = Base.lproj/LaunchScreen.storyboard; sourceTree = "<group>"; };
		619D5C1E23F77D1F0049E615 /* Info.plist */ = {isa = PBXFileReference; lastKnownFileType = text.plist.xml; path = Info.plist; sourceTree = "<group>"; };
		619D5C2423F786AF0049E615 /* MapViewController.swift */ = {isa = PBXFileReference; lastKnownFileType = sourcecode.swift; path = MapViewController.swift; sourceTree = "<group>"; };
		619D5C2623F7D5CA0049E615 /* Place.swift */ = {isa = PBXFileReference; lastKnownFileType = sourcecode.swift; path = Place.swift; sourceTree = "<group>"; };
		619D5C2823F7D6150049E615 /* PlaceMarkerView.swift */ = {isa = PBXFileReference; lastKnownFileType = sourcecode.swift; path = PlaceMarkerView.swift; sourceTree = "<group>"; };
		619D5C2A23F7D6F70049E615 /* Data.plist */ = {isa = PBXFileReference; fileEncoding = 4; lastKnownFileType = text.plist.xml; path = Data.plist; sourceTree = "<group>"; };
		619D5C2E23F857AF0049E615 /* FavoritesViewController.swift */ = {isa = PBXFileReference; lastKnownFileType = sourcecode.swift; path = FavoritesViewController.swift; sourceTree = "<group>"; };
		619D5C3023F8D5B10049E615 /* DataManager.swift */ = {isa = PBXFileReference; lastKnownFileType = sourcecode.swift; path = DataManager.swift; sourceTree = "<group>"; };
/* End PBXFileReference section */

/* Begin PBXFrameworksBuildPhase section */
		619D5C0A23F77D180049E615 /* Frameworks */ = {
			isa = PBXFrameworksBuildPhase;
			buildActionMask = 2147483647;
			files = (
			);
			runOnlyForDeploymentPostprocessing = 0;
		};
/* End PBXFrameworksBuildPhase section */

/* Begin PBXGroup section */
		619D5C0423F77D180049E615 = {
			isa = PBXGroup;
			children = (
				619D5C0F23F77D180049E615 /* project_5 */,
				619D5C0E23F77D180049E615 /* Products */,
			);
			sourceTree = "<group>";
		};
		619D5C0E23F77D180049E615 /* Products */ = {
			isa = PBXGroup;
			children = (
				619D5C0D23F77D180049E615 /* project_5.app */,
			);
			name = Products;
			sourceTree = "<group>";
		};
		619D5C0F23F77D180049E615 /* project_5 */ = {
			isa = PBXGroup;
			children = (
				619D5C1023F77D180049E615 /* AppDelegate.swift */,
				619D5C1223F77D180049E615 /* SceneDelegate.swift */,
				619D5C1423F77D180049E615 /* ViewController.swift */,
				619D5C1623F77D180049E615 /* Main.storyboard */,
				619D5C1923F77D1F0049E615 /* Assets.xcassets */,
				619D5C1B23F77D1F0049E615 /* LaunchScreen.storyboard */,
				619D5C1E23F77D1F0049E615 /* Info.plist */,
				619D5C2423F786AF0049E615 /* MapViewController.swift */,
				619D5C2623F7D5CA0049E615 /* Place.swift */,
				619D5C2823F7D6150049E615 /* PlaceMarkerView.swift */,
				619D5C2A23F7D6F70049E615 /* Data.plist */,
				619D5C2E23F857AF0049E615 /* FavoritesViewController.swift */,
				619D5C3023F8D5B10049E615 /* DataManager.swift */,
			);
			path = project_5;
			sourceTree = "<group>";
		};
/* End PBXGroup section */

/* Begin PBXNativeTarget section */
		619D5C0C23F77D180049E615 /* project_5 */ = {
			isa = PBXNativeTarget;
			buildConfigurationList = 619D5C2123F77D1F0049E615 /* Build configuration list for PBXNativeTarget "project_5" */;
			buildPhases = (
				619D5C0923F77D180049E615 /* Sources */,
				619D5C0A23F77D180049E615 /* Frameworks */,
				619D5C0B23F77D180049E615 /* Resources */,
			);
			buildRules = (
			);
			dependencies = (
			);
			name = project_5;
			productName = project_5;
			productReference = 619D5C0D23F77D180049E615 /* project_5.app */;
			productType = "com.apple.product-type.application";
		};
/* End PBXNativeTarget section */

/* Begin PBXProject section */
		619D5C0523F77D180049E615 /* Project object */ = {
			isa = PBXProject;
			attributes = {
				LastSwiftUpdateCheck = 1130;
				LastUpgradeCheck = 1130;
				ORGANIZATIONNAME = "Zelin Zhao";
				TargetAttributes = {
					619D5C0C23F77D180049E615 = {
						CreatedOnToolsVersion = 11.3.1;
					};
				};
			};
			buildConfigurationList = 619D5C0823F77D180049E615 /* Build configuration list for PBXProject "project_5" */;
			compatibilityVersion = "Xcode 9.3";
			developmentRegion = en;
			hasScannedForEncodings = 0;
			knownRegions = (
				en,
				Base,
			);
			mainGroup = 619D5C0423F77D180049E615;
			productRefGroup = 619D5C0E23F77D180049E615 /* Products */;
			projectDirPath = "";
			projectRoot = "";
			targets = (
				619D5C0C23F77D180049E615 /* project_5 */,
			);
		};
/* End PBXProject section */

/* Begin PBXResourcesBuildPhase section */
		619D5C0B23F77D180049E615 /* Resources */ = {
			isa = PBXResourcesBuildPhase;
			buildActionMask = 2147483647;
			files = (
				619D5C1D23F77D1F0049E615 /* LaunchScreen.storyboard in Resources */,
				619D5C1A23F77D1F0049E615 /* Assets.xcassets in Resources */,
				619D5C2B23F7D6F70049E615 /* Data.plist in Resources */,
				619D5C1823F77D180049E615 /* Main.storyboard in Resources */,
			);
			runOnlyForDeploymentPostprocessing = 0;
		};
/* End PBXResourcesBuildPhase section */

/* Begin PBXSourcesBuildPhase section */
		619D5C0923F77D180049E615 /* Sources */ = {
			isa = PBXSourcesBuildPhase;
			buildActionMask = 2147483647;
			files = (
				619D5C2923F7D6150049E615 /* PlaceMarkerView.swift in Sources */,
				619D5C3123F8D5B10049E615 /* DataManager.swift in Sources */,
				619D5C1523F77D180049E615 /* ViewController.swift in Sources */,
				619D5C2F23F857AF0049E615 /* FavoritesViewController.swift in Sources */,
				619D5C1123F77D180049E615 /* AppDelegate.swift in Sources */,
				619D5C1323F77D180049E615 /* SceneDelegate.swift in Sources */,
				619D5C2523F786AF0049E615 /* MapViewController.swift in Sources */,
				619D5C2723F7D5CA0049E615 /* Place.swift in Sources */,
			);
			runOnlyForDeploymentPostprocessing = 0;
		};
/* End PBXSourcesBuildPhase section */

/* Begin PBXVariantGroup section */
		619D5C1623F77D180049E615 /* Main.storyboard */ = {
			isa = PBXVariantGroup;
			children = (
				619D5C1723F77D180049E615 /* Base */,
			);
			name = Main.storyboard;
			sourceTree = "<group>";
		};
		619D5C1B23F77D1F0049E615 /* LaunchScreen.storyboard */ = {
			isa = PBXVariantGroup;
			children = (
				619D5C1C23F77D1F0049E615 /* Base */,
			);
			name = LaunchScreen.storyboard;
			sourceTree = "<group>";
		};
/* End PBXVariantGroup section */

/* Begin XCBuildConfiguration section */
		619D5C1F23F77D1F0049E615 /* Debug */ = {
			isa = XCBuildConfiguration;
			buildSettings = {
				ALWAYS_SEARCH_USER_PATHS = NO;
				CLANG_ANALYZER_NONNULL = YES;
				CLANG_ANALYZER_NUMBER_OBJECT_CONVERSION = YES_AGGRESSIVE;
				CLANG_CXX_LANGUAGE_STANDARD = "gnu++14";
				CLANG_CXX_LIBRARY = "libc++";
				CLANG_ENABLE_MODULES = YES;
				CLANG_ENABLE_OBJC_ARC = YES;
				CLANG_ENABLE_OBJC_WEAK = YES;
				CLANG_WARN_BLOCK_CAPTURE_AUTORELEASING = YES;
				CLANG_WARN_BOOL_CONVERSION = YES;
				CLANG_WARN_COMMA = YES;
				CLANG_WARN_CONSTANT_CONVERSION = YES;
				CLANG_WARN_DEPRECATED_OBJC_IMPLEMENTATIONS = YES;
				CLANG_WARN_DIRECT_OBJC_ISA_USAGE = YES_ERROR;
				CLANG_WARN_DOCUMENTATION_COMMENTS = YES;
				CLANG_WARN_EMPTY_BODY = YES;
				CLANG_WARN_ENUM_CONVERSION = YES;
				CLANG_WARN_INFINITE_RECURSION = YES;
				CLANG_WARN_INT_CONVERSION = YES;
				CLANG_WARN_NON_LITERAL_NULL_CONVERSION = YES;
				CLANG_WARN_OBJC_IMPLICIT_RETAIN_SELF = YES;
				CLANG_WARN_OBJC_LITERAL_CONVERSION = YES;
				CLANG_WARN_OBJC_ROOT_CLASS = YES_ERROR;
				CLANG_WARN_RANGE_LOOP_ANALYSIS = YES;
				CLANG_WARN_STRICT_PROTOTYPES = YES;
				CLANG_WARN_SUSPICIOUS_MOVE = YES;
				CLANG_WARN_UNGUARDED_AVAILABILITY = YES_AGGRESSIVE;
				CLANG_WARN_UNREACHABLE_CODE = YES;
				CLANG_WARN__DUPLICATE_METHOD_MATCH = YES;
				COPY_PHASE_STRIP = NO;
				DEBUG_INFORMATION_FORMAT = dwarf;
				ENABLE_STRICT_OBJC_MSGSEND = YES;
				ENABLE_TESTABILITY = YES;
				GCC_C_LANGUAGE_STANDARD = gnu11;
				GCC_DYNAMIC_NO_PIC = NO;
				GCC_NO_COMMON_BLOCKS = YES;
				GCC_OPTIMIZATION_LEVEL = 0;
				GCC_PREPROCESSOR_DEFINITIONS = (
					"DEBUG=1",
					"$(inherited)",
				);
				GCC_WARN_64_TO_32_BIT_CONVERSION = YES;
				GCC_WARN_ABOUT_RETURN_TYPE = YES_ERROR;
				GCC_WARN_UNDECLARED_SELECTOR = YES;
				GCC_WARN_UNINITIALIZED_AUTOS = YES_AGGRESSIVE;
				GCC_WARN_UNUSED_FUNCTION = YES;
				GCC_WARN_UNUSED_VARIABLE = YES;
				IPHONEOS_DEPLOYMENT_TARGET = 13.2;
				MTL_ENABLE_DEBUG_INFO = INCLUDE_SOURCE;
				MTL_FAST_MATH = YES;
				ONLY_ACTIVE_ARCH = YES;
				SDKROOT = iphoneos;
				SWIFT_ACTIVE_COMPILATION_CONDITIONS = DEBUG;
				SWIFT_OPTIMIZATION_LEVEL = "-Onone";
			};
			name = Debug;
		};
		619D5C2023F77D1F0049E615 /* Release */ = {
			isa = XCBuildConfiguration;
			buildSettings = {
				ALWAYS_SEARCH_USER_PATHS = NO;
				CLANG_ANALYZER_NONNULL = YES;
				CLANG_ANALYZER_NUMBER_OBJECT_CONVERSION = YES_AGGRESSIVE;
				CLANG_CXX_LANGUAGE_STANDARD = "gnu++14";
				CLANG_CXX_LIBRARY = "libc++";
				CLANG_ENABLE_MODULES = YES;
				CLANG_ENABLE_OBJC_ARC = YES;
				CLANG_ENABLE_OBJC_WEAK = YES;
				CLANG_WARN_BLOCK_CAPTURE_AUTORELEASING = YES;
				CLANG_WARN_BOOL_CONVERSION = YES;
				CLANG_WARN_COMMA = YES;
				CLANG_WARN_CONSTANT_CONVERSION = YES;
				CLANG_WARN_DEPRECATED_OBJC_IMPLEMENTATIONS = YES;
				CLANG_WARN_DIRECT_OBJC_ISA_USAGE = YES_ERROR;
				CLANG_WARN_DOCUMENTATION_COMMENTS = YES;
				CLANG_WARN_EMPTY_BODY = YES;
				CLANG_WARN_ENUM_CONVERSION = YES;
				CLANG_WARN_INFINITE_RECURSION = YES;
				CLANG_WARN_INT_CONVERSION = YES;
				CLANG_WARN_NON_LITERAL_NULL_CONVERSION = YES;
				CLANG_WARN_OBJC_IMPLICIT_RETAIN_SELF = YES;
				CLANG_WARN_OBJC_LITERAL_CONVERSION = YES;
				CLANG_WARN_OBJC_ROOT_CLASS = YES_ERROR;
				CLANG_WARN_RANGE_LOOP_ANALYSIS = YES;
				CLANG_WARN_STRICT_PROTOTYPES = YES;
				CLANG_WARN_SUSPICIOUS_MOVE = YES;
				CLANG_WARN_UNGUARDED_AVAILABILITY = YES_AGGRESSIVE;
				CLANG_WARN_UNREACHABLE_CODE = YES;
				CLANG_WARN__DUPLICATE_METHOD_MATCH = YES;
				COPY_PHASE_STRIP = NO;
				DEBUG_INFORMATION_FORMAT = "dwarf-with-dsym";
				ENABLE_NS_ASSERTIONS = NO;
				ENABLE_STRICT_OBJC_MSGSEND = YES;
				GCC_C_LANGUAGE_STANDARD = gnu11;
				GCC_NO_COMMON_BLOCKS = YES;
				GCC_WARN_64_TO_32_BIT_CONVERSION = YES;
				GCC_WARN_ABOUT_RETURN_TYPE = YES_ERROR;
				GCC_WARN_UNDECLARED_SELECTOR = YES;
				GCC_WARN_UNINITIALIZED_AUTOS = YES_AGGRESSIVE;
				GCC_WARN_UNUSED_FUNCTION = YES;
				GCC_WARN_UNUSED_VARIABLE = YES;
				IPHONEOS_DEPLOYMENT_TARGET = 13.2;
				MTL_ENABLE_DEBUG_INFO = NO;
				MTL_FAST_MATH = YES;
				SDKROOT = iphoneos;
				SWIFT_COMPILATION_MODE = wholemodule;
				SWIFT_OPTIMIZATION_LEVEL = "-O";
				VALIDATE_PRODUCT = YES;
			};
			name = Release;
		};
		619D5C2223F77D1F0049E615 /* Debug */ = {
			isa = XCBuildConfiguration;
			buildSettings = {
				ASSETCATALOG_COMPILER_APPICON_NAME = AppIcon;
				CODE_SIGN_STYLE = Automatic;
				INFOPLIST_FILE = project_5/Info.plist;
				LD_RUNPATH_SEARCH_PATHS = (
					"$(inherited)",
					"@executable_path/Frameworks",
				);
				PRODUCT_BUNDLE_IDENTIFIER = "com.hackingwithswift.project-5";
				PRODUCT_NAME = "$(TARGET_NAME)";
				SWIFT_VERSION = 5.0;
				TARGETED_DEVICE_FAMILY = "1,2";
			};
			name = Debug;
		};
		619D5C2323F77D1F0049E615 /* Release */ = {
			isa = XCBuildConfiguration;
			buildSettings = {
				ASSETCATALOG_COMPILER_APPICON_NAME = AppIcon;
				CODE_SIGN_STYLE = Automatic;
				INFOPLIST_FILE = project_5/Info.plist;
				LD_RUNPATH_SEARCH_PATHS = (
					"$(inherited)",
					"@executable_path/Frameworks",
				);
				PRODUCT_BUNDLE_IDENTIFIER = "com.hackingwithswift.project-5";
				PRODUCT_NAME = "$(TARGET_NAME)";
				SWIFT_VERSION = 5.0;
				TARGETED_DEVICE_FAMILY = "1,2";
			};
			name = Release;
		};
/* End XCBuildConfiguration section */

/* Begin XCConfigurationList section */
		619D5C0823F77D180049E615 /* Build configuration list for PBXProject "project_5" */ = {
			isa = XCConfigurationList;
			buildConfigurations = (
				619D5C1F23F77D1F0049E615 /* Debug */,
				619D5C2023F77D1F0049E615 /* Release */,
			);
			defaultConfigurationIsVisible = 0;
			defaultConfigurationName = Release;
		};
		619D5C2123F77D1F0049E615 /* Build configuration list for PBXNativeTarget "project_5" */ = {
			isa = XCConfigurationList;
			buildConfigurations = (
				619D5C2223F77D1F0049E615 /* Debug */,
				619D5C2323F77D1F0049E615 /* Release */,
			);
			defaultConfigurationIsVisible = 0;
			defaultConfigurationName = Release;
		};
/* End XCConfigurationList section */
	};
	rootObject = 619D5C0523F77D180049E615 /* Project object */;
}
